
Microsoft Visual Studio Solution File, Format Version 12.00
# Visual Studio 15
VisualStudioVersion = 15.0.28010.2026
MinimumVisualStudioVersion = 10.0.40219.1
Project("{FAE04EC0-301F-11D3-BF4B-00C04F79EFBC}") = "NGP", "NGP\NGP.csproj", "{6F0C3B24-340F-4378-B783-67AF415A558D}"
EndProject
Global
	GlobalSection(SolutionConfigurationPlatforms) = preSolution
		Debug|Any CPU = Debug|Any CPU
		Release|Any CPU = Release|Any CPU
	EndGlobalSection
	GlobalSection(ProjectConfigurationPlatforms) = postSolution
		{6F0C3B24-340F-4378-B783-67AF415A558D}.Debug|Any CPU.ActiveCfg = Debug|Any CPU
		{6F0C3B24-340F-4378-B783-67AF415A558D}.Debug|Any CPU.Build.0 = Debug|Any CPU
		{6F0C3B24-340F-4378-B783-67AF415A558D}.Release|Any CPU.ActiveCfg = Release|Any CPU
		{6F0C3B24-340F-4378-B783-67AF415A558D}.Release|Any CPU.Build.0 = Release|Any CPU
	EndGlobalSection
	GlobalSection(SolutionProperties) = preSolution
		HideSolutionNode = FALSE
	EndGlobalSection
	GlobalSection(ExtensibilityGlobals) = postSolution
		SolutionGuid = {ED0B6C78-8E3D-48BF-AD4D-4E697B7FA949}
	EndGlobalSection
EndGlobal
